{
  "version": 1,
  "dependencies": {
    ".NETFramework,Version=v4.6.1": {
      "Microsoft.NETFramework.ReferenceAssemblies.net461": {
        "type": "Direct",
        "requested": "[1.0.3, )",
        "resolved": "1.0.3",
        "contentHash": "AmOJZwCqnOCNp6PPcf9joyogScWLtwy0M1WkqfEQ0M9nYwyDD7EX9ZjscKS5iYnyvteX7kzSKFCKt9I9dXA6mA=="
      }
    },
    ".NETFramework,Version=v4.8": {
      "Microsoft.NETFramework.ReferenceAssemblies.net48": {
        "type": "Direct",
        "requested": "[1.0.3, )",
        "resolved": "1.0.3",
        "contentHash": "zMk4D+9zyiEWByyQ7oPImPN/Jhpj166Ky0Nlla4eXlNL8hI/BtSJsgR8Inldd4NNpIAH3oh8yym0W2DrhXdSLQ=="
      }
    },
    "net8.0": {}
  }
}